github.com/itujun/golang-modules-say-hello v1.0.0 h1:lzNpv32rY73cXHG7+qnenLoIUI8U2AaCbQibO9s2zQc=
github.com/itujun/golang-modules-say-hello v1.0.0/go.mod h1:ZL+ISPCLaDq7RST6d7YUUzde3NBIm3V3Hg/M1NgLd5o=
github.com/itujun/golang-modules-say-hello v1.0.1 h1:rF000vBW9QJarMaYYzy3anBrcvMgYILIW69KmiOIYgA=
github.com/itujun/golang-modules-say-hello v1.0.1/go.mod h1:ZL+ISPCLaDq7RST6d7YUUzde3NBIm3V3Hg/M1NgLd5o=
github.com/itujun/golang-modules-say-hello/v2 v2.0.0 h1:A8yUFw4RvNC3B72NtG8ZUKndJe3DIB9IEtZj314kCU0=
github.com/itujun/golang-modules-say-hello/v2 v2.0.0/go.mod h1:gEeYUv97lJI77NSJARr4gvr4NP4Hl760+o2CA+C5trw=
